
Microsoft Visual Studio Solution File, Format Version 12.00
# Visual Studio Version 17
VisualStudioVersion = 17.8.34316.72
MinimumVisualStudioVersion = 10.0.40219.1
Project("{9A19103F-16F7-4668-BE54-9A1E7A4F7556}") = "LAOZ.CQRS.WebAPI", "LAOZ.CQRS.WebAPI\LAOZ.CQRS.WebAPI.csproj", "{95EA64AE-6811-41A1-A60E-38C95281AEBE}"
EndProject
Project("{9A19103F-16F7-4668-BE54-9A1E7A4F7556}") = "LAOZ.CQRS.Commands", "LAOZ.CQRS.Commands\LAOZ.CQRS.Commands.csproj", "{40FA35C8-0B25-4A57-A6A0-0D7359EA9A59}"
EndProject
Project("{9A19103F-16F7-4668-BE54-9A1E7A4F7556}") = "LAOZ.CQRS.Queries", "LAOZ.CQRS.Queries\LAOZ.CQRS.Queries.csproj", "{72284701-AE9D-49C9-99FC-86FC8C5913F6}"
EndProject
Project("{9A19103F-16F7-4668-BE54-9A1E7A4F7556}") = "LAOZ.CQRS.Handlers", "LAOZ.CQRS.Handlers\LAOZ.CQRS.Handlers.csproj", "{AA6A3FE1-BCDC-4E32-B291-E86C2C7D7AF8}"
EndProject
Project("{9A19103F-16F7-4668-BE54-9A1E7A4F7556}") = "LAOZ.CQRS.Services", "LAOZ.CQRS.Services\LAOZ.CQRS.Services.csproj", "{3D912441-A4E2-4FD6-845E-F13BDE8190C9}"
EndProject
Project("{9A19103F-16F7-4668-BE54-9A1E7A4F7556}") = "LAOZ.CQRS.Test", "LAOZ.CQRS.Test\LAOZ.CQRS.Test.csproj", "{A626D48A-AA20-4505-8227-94C789650E93}"
EndProject
Project("{9A19103F-16F7-4668-BE54-9A1E7A4F7556}") = "LAOZ.CQRS.ConsoleApp", "LAOZ.CQRS.ConsoleApp\LAOZ.CQRS.ConsoleApp.csproj", "{86C5BF9C-FA0E-4101-86D8-624D34AE437E}"
EndProject
Project("{9A19103F-16F7-4668-BE54-9A1E7A4F7556}") = "LAOZ.CQRS", "LAOZ.CQRS\LAOZ.CQRS.csproj", "{91B2614D-0BBD-483E-93C1-4C3848675504}"
EndProject
Project("{9A19103F-16F7-4668-BE54-9A1E7A4F7556}") = "LAOZ.Adapters", "LAOZ.Adapters\LAOZ.Adapters.csproj", "{91374502-7470-4205-8260-8F4D88B77C00}"
EndProject
Global
	GlobalSection(SolutionConfigurationPlatforms) = preSolution
		Debug|Any CPU = Debug|Any CPU
		Release|Any CPU = Release|Any CPU
	EndGlobalSection
	GlobalSection(ProjectConfigurationPlatforms) = postSolution
		{95EA64AE-6811-41A1-A60E-38C95281AEBE}.Debug|Any CPU.ActiveCfg = Debug|Any CPU
		{95EA64AE-6811-41A1-A60E-38C95281AEBE}.Debug|Any CPU.Build.0 = Debug|Any CPU
		{95EA64AE-6811-41A1-A60E-38C95281AEBE}.Release|Any CPU.ActiveCfg = Release|Any CPU
		{95EA64AE-6811-41A1-A60E-38C95281AEBE}.Release|Any CPU.Build.0 = Release|Any CPU
		{40FA35C8-0B25-4A57-A6A0-0D7359EA9A59}.Debug|Any CPU.ActiveCfg = Debug|Any CPU
		{40FA35C8-0B25-4A57-A6A0-0D7359EA9A59}.Debug|Any CPU.Build.0 = Debug|Any CPU
		{40FA35C8-0B25-4A57-A6A0-0D7359EA9A59}.Release|Any CPU.ActiveCfg = Release|Any CPU
		{40FA35C8-0B25-4A57-A6A0-0D7359EA9A59}.Release|Any CPU.Build.0 = Release|Any CPU
		{72284701-AE9D-49C9-99FC-86FC8C5913F6}.Debug|Any CPU.ActiveCfg = Debug|Any CPU
		{72284701-AE9D-49C9-99FC-86FC8C5913F6}.Debug|Any CPU.Build.0 = Debug|Any CPU
		{72284701-AE9D-49C9-99FC-86FC8C5913F6}.Release|Any CPU.ActiveCfg = Release|Any CPU
		{72284701-AE9D-49C9-99FC-86FC8C5913F6}.Release|Any CPU.Build.0 = Release|Any CPU
		{AA6A3FE1-BCDC-4E32-B291-E86C2C7D7AF8}.Debug|Any CPU.ActiveCfg = Debug|Any CPU
		{AA6A3FE1-BCDC-4E32-B291-E86C2C7D7AF8}.Debug|Any CPU.Build.0 = Debug|Any CPU
		{AA6A3FE1-BCDC-4E32-B291-E86C2C7D7AF8}.Release|Any CPU.ActiveCfg = Release|Any CPU
		{AA6A3FE1-BCDC-4E32-B291-E86C2C7D7AF8}.Release|Any CPU.Build.0 = Release|Any CPU
		{3D912441-A4E2-4FD6-845E-F13BDE8190C9}.Debug|Any CPU.ActiveCfg = Debug|Any CPU
		{3D912441-A4E2-4FD6-845E-F13BDE8190C9}.Debug|Any CPU.Build.0 = Debug|Any CPU
		{3D912441-A4E2-4FD6-845E-F13BDE8190C9}.Release|Any CPU.ActiveCfg = Release|Any CPU
		{3D912441-A4E2-4FD6-845E-F13BDE8190C9}.Release|Any CPU.Build.0 = Release|Any CPU
		{A626D48A-AA20-4505-8227-94C789650E93}.Debug|Any CPU.ActiveCfg = Debug|Any CPU
		{A626D48A-AA20-4505-8227-94C789650E93}.Debug|Any CPU.Build.0 = Debug|Any CPU
		{A626D48A-AA20-4505-8227-94C789650E93}.Release|Any CPU.ActiveCfg = Release|Any CPU
		{A626D48A-AA20-4505-8227-94C789650E93}.Release|Any CPU.Build.0 = Release|Any CPU
		{86C5BF9C-FA0E-4101-86D8-624D34AE437E}.Debug|Any CPU.ActiveCfg = Debug|Any CPU
		{86C5BF9C-FA0E-4101-86D8-624D34AE437E}.Debug|Any CPU.Build.0 = Debug|Any CPU
		{86C5BF9C-FA0E-4101-86D8-624D34AE437E}.Release|Any CPU.ActiveCfg = Release|Any CPU
		{86C5BF9C-FA0E-4101-86D8-624D34AE437E}.Release|Any CPU.Build.0 = Release|Any CPU
		{91B2614D-0BBD-483E-93C1-4C3848675504}.Debug|Any CPU.ActiveCfg = Debug|Any CPU
		{91B2614D-0BBD-483E-93C1-4C3848675504}.Debug|Any CPU.Build.0 = Debug|Any CPU
		{91B2614D-0BBD-483E-93C1-4C3848675504}.Release|Any CPU.ActiveCfg = Release|Any CPU
		{91B2614D-0BBD-483E-93C1-4C3848675504}.Release|Any CPU.Build.0 = Release|Any CPU
		{91374502-7470-4205-8260-8F4D88B77C00}.Debug|Any CPU.ActiveCfg = Debug|Any CPU
		{91374502-7470-4205-8260-8F4D88B77C00}.Debug|Any CPU.Build.0 = Debug|Any CPU
		{91374502-7470-4205-8260-8F4D88B77C00}.Release|Any CPU.ActiveCfg = Release|Any CPU
		{91374502-7470-4205-8260-8F4D88B77C00}.Release|Any CPU.Build.0 = Release|Any CPU
	EndGlobalSection
	GlobalSection(SolutionProperties) = preSolution
		HideSolutionNode = FALSE
	EndGlobalSection
	GlobalSection(ExtensibilityGlobals) = postSolution
		SolutionGuid = {006AC6D2-965E-42F5-B2D0-04EC11C4BE91}
	EndGlobalSection
EndGlobal
